{
  "name": "sync-json-keys",
  "version": "1.0.0",
  "lockfileVersion": 3,
  "requires": true,
  "packages": {
    "": {
      "name": "sync-json-keys",
      "version": "1.0.0",
      "license": "ISC",
      "dependencies": {
        "zx": "^8.6.1"
      }
    },
    "node_modules/zx": {
      "version": "8.6.1",
      "resolved": "https://registry.npmjs.org/zx/-/zx-8.6.1.tgz",
      "integrity": "sha512-ig4Gn2e3L9QaQq3OsyDyGKvXFiq7wYvLCPmFJgcneHsr5vTeJefe0SXtDE7qaur9ysv7giAc0CmEtQcS71UA5Q==",
      "license": "Apache-2.0",
      "bin": {
        "zx": "build/cli.js"
      },
      "engines": {
        "node": ">= 12.17.0"
      }
    }
  }
}
